
Microsoft Visual Studio Solution File, Format Version 12.00
# Visual Studio Version 17
VisualStudioVersion = 17.11.35327.3
MinimumVisualStudioVersion = 10.0.40219.1
Project("{FAE04EC0-301F-11D3-BF4B-00C04F79EFBC}") = "LINQDemo", "LINQDemo\LINQDemo.csproj", "{7F15EB22-0B9D-4205-BD54-ACDACDE6D262}"
EndProject
Global
	GlobalSection(SolutionConfigurationPlatforms) = preSolution
		Debug|Any CPU = Debug|Any CPU
		Release|Any CPU = Release|Any CPU
	EndGlobalSection
	GlobalSection(ProjectConfigurationPlatforms) = postSolution
		{7F15EB22-0B9D-4205-BD54-ACDACDE6D262}.Debug|Any CPU.ActiveCfg = Debug|Any CPU
		{7F15EB22-0B9D-4205-BD54-ACDACDE6D262}.Debug|Any CPU.Build.0 = Debug|Any CPU
		{7F15EB22-0B9D-4205-BD54-ACDACDE6D262}.Release|Any CPU.ActiveCfg = Release|Any CPU
		{7F15EB22-0B9D-4205-BD54-ACDACDE6D262}.Release|Any CPU.Build.0 = Release|Any CPU
	EndGlobalSection
	GlobalSection(SolutionProperties) = preSolution
		HideSolutionNode = FALSE
	EndGlobalSection
	GlobalSection(ExtensibilityGlobals) = postSolution
		SolutionGuid = {10F4B888-8228-4604-87A9-24556EEE2771}
	EndGlobalSection
EndGlobal
